
Microsoft Visual Studio Solution File, Format Version 12.00
# Visual Studio Express 2012 for Windows Desktop
Project("{FAE04EC0-301F-11D3-BF4B-00C04F79EFBC}") = "4D_klanten", "4D_klanten\4D_klanten.csproj", "{1A9841BB-07C8-425D-92A6-0AF657F87BC9}"
EndProject
Global
	GlobalSection(SolutionConfigurationPlatforms) = preSolution
		Debug|Any CPU = Debug|Any CPU
		Release|Any CPU = Release|Any CPU
	EndGlobalSection
	GlobalSection(ProjectConfigurationPlatforms) = postSolution
		{1A9841BB-07C8-425D-92A6-0AF657F87BC9}.Debug|Any CPU.ActiveCfg = Debug|Any CPU
		{1A9841BB-07C8-425D-92A6-0AF657F87BC9}.Debug|Any CPU.Build.0 = Debug|Any CPU
		{1A9841BB-07C8-425D-92A6-0AF657F87BC9}.Release|Any CPU.ActiveCfg = Release|Any CPU
		{1A9841BB-07C8-425D-92A6-0AF657F87BC9}.Release|Any CPU.Build.0 = Release|Any CPU
	EndGlobalSection
	GlobalSection(SolutionProperties) = preSolution
		HideSolutionNode = FALSE
	EndGlobalSection
EndGlobal
